{
  "requires": true,
  "lockfileVersion": 1,
  "dependencies": {
    "@babel/runtime": {
      "version": "7.8.0",
      "resolved": "https://registry.npmjs.org/@babel/runtime/-/runtime-7.8.0.tgz",
      "integrity": "sha512-Z7ti+HB0puCcLmFE3x90kzaVgbx6TRrYIReaygW6EkBEnJh1ajS4/inhF7CypzWeDV3NFl1AfWj0eMtdihojxw==",
      "requires": {
        "regenerator-runtime": "^0.13.2"
      }
    },
    "@oroinc/autobahnjs": {
      "version": "0.8.0",
      "resolved": "https://registry.npmjs.org/@oroinc/autobahnjs/-/autobahnjs-0.8.0.tgz",
      "integrity": "sha512-oDef6KkE5Ir8ljtxxk6CcR8y3Rps6LkH/9pgGpc74UwsdiXTGSJP8zsDb4ij69n+Zv590rzVAfPYNTSSDQK2bw=="
    },
    "@oroinc/backbone.pageable": {
      "version": "1.2.3",
      "resolved": "https://registry.npmjs.org/@oroinc/backbone.pageable/-/backbone.pageable-1.2.3.tgz",
      "integrity": "sha512-HCJssGAtINpdVy5mdTyTCQvvRWHXeJ9cX5ETpiYn5/DubAghDCaD/qFn0ymiWunOakTfh0u8v5nOIdpvM3FbCA==",
      "requires": {
        "backbone": ">=0.9.9 < 1.0.0 || >= 1.0.1",
        "underscore": "~1.4.0"
      },
      "dependencies": {
        "underscore": {
          "version": "1.4.4",
          "resolved": "https://registry.npmjs.org/underscore/-/underscore-1.4.4.tgz",
          "integrity": "sha1-YaajIBBiKvoHljvzJSA88SI51gQ="
        }
      }
    },
    "@oroinc/elevatezoom": {
      "version": "3.0.81",
      "resolved": "https://registry.npmjs.org/@oroinc/elevatezoom/-/elevatezoom-3.0.81.tgz",
      "integrity": "sha512-mCO1z1Tg6vaSQRuMJjcV1fZT3N88HkUuOAmR25uTJOQwuevkT+tyH816I/ANQb33mAtva+05Vx5LwI0khuudQg=="
    },
    "@oroinc/jquery-ajax-queue": {
      "version": "0.0.1",
      "resolved": "https://registry.npmjs.org/@oroinc/jquery-ajax-queue/-/jquery-ajax-queue-0.0.1.tgz",
      "integrity": "sha512-7xs47c7FzN95uuH62v4EoE9HRKgy/Rq7HKwcQoDnEY/WFmcA9FFHi7V3l0aPF+2XL2zhffdJpbfYw/Mkfc2Cqw=="
    },
    "@oroinc/jquery-creditcardvalidator": {
      "version": "1.1.0",
      "resolved": "https://registry.npmjs.org/@oroinc/jquery-creditcardvalidator/-/jquery-creditcardvalidator-1.1.0.tgz",
      "integrity": "sha512-HFEdYSCZEC5DlHx5px2B0dmhIGhgOBfHw2pFU9Gvx/eY77Gl4HlaxRCQ3hZppzMqRIq6ukry2L4dRPrlKUOAUw=="
    },
    "@oroinc/jquery.nicescroll": {
      "version": "3.6.6",
      "resolved": "https://registry.npmjs.org/@oroinc/jquery.nicescroll/-/jquery.nicescroll-3.6.6.tgz",
      "integrity": "sha512-CNfwOKf4VkxCmenBTCeu62UuA6Mp85WnQm8BqrObswK28NuJMwLo2MoYaqqAke5VK3hos5Q45UXRT6E2XhrBqA==",
      "requires": {
        "jquery": ">=1.8.3"
      }
    },
    "@oroinc/jsplumb": {
      "version": "1.7.10",
      "resolved": "https://registry.npmjs.org/@oroinc/jsplumb/-/jsplumb-1.7.10.tgz",
      "integrity": "sha512-WxGSRbHhXfFPbeMFup1GRrN6XsJ3c1vsshQYztxA5g7TiBAkDtrD00/5wJLQewNLYaZsDGkwpnPIq/2mKWv0XA=="
    },
    "@oroinc/select2": {
      "version": "3.4.1",
      "resolved": "https://registry.npmjs.org/@oroinc/select2/-/select2-3.4.1.tgz",
      "integrity": "sha512-R+MhYCMXwEirRa/+gg3HwjUnHEEdVu7XoWh3OrmvNhIpYzBxSX6gAr8xihEe3pFSx7UNitSP5R+KQ3PZHKLtBA=="
    },
    "Base64": {
      "version": "1.0.2",
      "resolved": "https://registry.npmjs.org/Base64/-/Base64-1.0.2.tgz",
      "integrity": "sha512-WufIun24IbKXKBCGmxau2cYAaGLJ1GJjXcqTUyUzYiQImCreWwvTagnZd9k3nHGPAdPxpvC+4FNN1OhQH2Vz7g=="
    },
    "asap": {
      "version": "2.0.6",
      "resolved": "https://registry.npmjs.org/asap/-/asap-2.0.6.tgz",
      "integrity": "sha1-5QNHYR1+aQlDIIu9r+vLwvuGbUY="
    },
    "autolinker": {
      "version": "1.6.2",
      "resolved": "https://registry.npmjs.org/autolinker/-/autolinker-1.6.2.tgz",
      "integrity": "sha512-IKLGtYFb3jzGTtgCpb4bm//1sXmmmgmr0msKshhYoc7EsWmLCFvuyxLcEIfcZ5gbCgZGXrnXkOkcBblOFEnlog=="
    },
    "backbone": {
      "version": "1.4.0",
      "resolved": "https://registry.npmjs.org/backbone/-/backbone-1.4.0.tgz",
      "integrity": "sha512-RLmDrRXkVdouTg38jcgHhyQ/2zjg7a8E6sz2zxfz21Hh17xDJYUHBZimVIt5fUyS8vbfpeSmTL3gUjTEvUV3qQ==",
      "requires": {
        "underscore": ">=1.8.3"
      }
    },
    "backbone-undo": {
      "version": "0.2.5",
      "resolved": "https://registry.npmjs.org/backbone-undo/-/backbone-undo-0.2.5.tgz",
      "integrity": "sha1-VbJSMPkDGcpiJGXomoAki4k8LOI=",
      "requires": {
        "backbone": "1.0.0 - 1.2.1",
        "underscore": "1.4.4 - 1.8.3"
      },
      "dependencies": {
        "backbone": {
          "version": "1.2.1",
          "resolved": "https://registry.npmjs.org/backbone/-/backbone-1.2.1.tgz",
          "integrity": "sha1-1yGcXtSeXhMdv/ryXJbW0sw8oD4=",
          "requires": {
            "underscore": ">=1.7.0"
          }
        },
        "underscore": {
          "version": "1.8.3",
          "resolved": "https://registry.npmjs.org/underscore/-/underscore-1.8.3.tgz",
          "integrity": "sha1-Tz+1OxBuYJf8+ctBCfKl6b36UCI="
        }
      }
    },
    "backgrid": {
      "version": "0.3.7",
      "resolved": "https://registry.npmjs.org/backgrid/-/backgrid-0.3.7.tgz",
      "integrity": "sha1-Jd5JIWNVh6A1rFJemwGAYcEcXNA=",
      "requires": {
        "backbone": "~1.2.3",
        "underscore": "^1.8.0"
      },
      "dependencies": {
        "backbone": {
          "version": "1.2.3",
          "resolved": "https://registry.npmjs.org/backbone/-/backbone-1.2.3.tgz",
          "integrity": "sha1-wiz9B/yG676uYdGJKe0RXpmdZbk=",
          "requires": {
            "underscore": ">=1.7.0"
          }
        }
      }
    },
    "bean": {
      "version": "1.0.6",
      "resolved": "https://registry.npmjs.org/bean/-/bean-1.0.6.tgz",
      "integrity": "sha1-qLl25dLUhig+lAWD0EuoS+RCBos="
    },
    "bootstrap": {
      "version": "4.3.1",
      "resolved": "https://registry.npmjs.org/bootstrap/-/bootstrap-4.3.1.tgz",
      "integrity": "sha512-rXqOmH1VilAt2DyPzluTi2blhk17bO7ef+zLLPlWvG494pDxcM234pJ8wTc/6R40UWizAIIMgxjvxZg5kmsbag=="
    },
    "cash-dom": {
      "version": "1.3.7",
      "resolved": "https://registry.npmjs.org/cash-dom/-/cash-dom-1.3.7.tgz",
      "integrity": "sha512-cWqx3b+8Vh5hvRd87voSW7hxHVhUekGiOUd7iix8fP29cl6TBIInkAqYVSKaL2xeVewS3/kfPnIIC+Xl3nVe/A=="
    },
    "clipboard": {
      "version": "1.7.1",
      "resolved": "https://registry.npmjs.org/clipboard/-/clipboard-1.7.1.tgz",
      "integrity": "sha1-Ng1taUbpmnof7zleQrqStem1oWs=",
      "optional": true,
      "requires": {
        "good-listener": "^1.2.2",
        "select": "^1.1.2",
        "tiny-emitter": "^2.0.0"
      }
    },
    "codemirror": {
      "version": "5.50.2",
      "resolved": "https://registry.npmjs.org/codemirror/-/codemirror-5.50.2.tgz",
      "integrity": "sha512-PPjUsC1oXSM86lunKrw609P1oM0Wu8z9rqzjbeyBYCcx44VL41aUpccdOf1PfAZtTONlmN3sT3p2etLNYa1OGg=="
    },
    "codemirror-formatting": {
      "version": "1.0.0",
      "resolved": "https://registry.npmjs.org/codemirror-formatting/-/codemirror-formatting-1.0.0.tgz",
      "integrity": "sha1-h5zB/dkBg0PB1VEXac5TYNcF6/I="
    },
    "core-util-is": {
      "version": "1.0.2",
      "resolved": "https://registry.npmjs.org/core-util-is/-/core-util-is-1.0.2.tgz",
      "integrity": "sha1-tf1UIgqivFq1eqtxQMlAdUUDwac="
    },
    "crypto-js": {
      "version": "3.1.7",
      "resolved": "https://registry.npmjs.org/crypto-js/-/crypto-js-3.1.7.tgz",
      "integrity": "sha1-rSnTZEAdLbr8Jxy75MozBLR3x3c="
    },
    "css-vars-ponyfill": {
      "version": "2.1.2",
      "resolved": "https://registry.npmjs.org/css-vars-ponyfill/-/css-vars-ponyfill-2.1.2.tgz",
      "integrity": "sha512-Jfff/j2AGwr+WJaIbxVroTa9sFXy9b0xe5zjWEVQ9aoeCpd0e6iOo4D+d3OoLDTWcHCf2UBTswis/hN6fKEKiA=="
    },
    "datepair.js": {
      "version": "0.4.16",
      "resolved": "https://registry.npmjs.org/datepair.js/-/datepair.js-0.4.16.tgz",
      "integrity": "sha512-inpm1pwjYNSK96uo6cnn3e/HmQlmk/XpAWg/6isu99rXk9SfybrJ6KregEin3A5F3oav0zCw20uG/Y+qC6uwsw=="
    },
    "delegate": {
      "version": "3.2.0",
      "resolved": "https://registry.npmjs.org/delegate/-/delegate-3.2.0.tgz",
      "integrity": "sha512-IofjkYBZaZivn0V8nnsMJGBr4jVLxHDheKSW88PyxS5QC4Vo9ZbZVvhzlSxY87fVq3STR6r+4cGepyHkcWOQSw==",
      "optional": true
    },
    "file-saver": {
      "version": "1.3.8",
      "resolved": "https://registry.npmjs.org/file-saver/-/file-saver-1.3.8.tgz",
      "integrity": "sha512-spKHSBQIxxS81N/O21WmuXA2F6wppUCsutpzenOeZzOCCJ5gEfcbqJP983IrpLXzYmXnMUa6J03SubcNPdKrlg=="
    },
    "flotr2": {
      "version": "0.1.0",
      "resolved": "https://registry.npmjs.org/flotr2/-/flotr2-0.1.0.tgz",
      "integrity": "sha1-jTGw0bPcRvXjme3reheeB1s24DY="
    },
    "focus-visible": {
      "version": "5.0.2",
      "resolved": "https://registry.npmjs.org/focus-visible/-/focus-visible-5.0.2.tgz",
      "integrity": "sha512-zT2fj/bmOgEBjqGbURGlowTmCwsIs3bRDMr/sFZz8Ly7VkEiwuCn9swNTL3pPuf8Oua2de7CLuKdnuNajWdDsQ=="
    },
    "font-awesome": {
      "version": "4.7.0",
      "resolved": "https://registry.npmjs.org/font-awesome/-/font-awesome-4.7.0.tgz",
      "integrity": "sha1-j6jPBBGhoxr9B7BtKQK7n8gVoTM="
    },
    "fullcalendar": {
      "version": "3.4.0",
      "resolved": "https://registry.npmjs.org/fullcalendar/-/fullcalendar-3.4.0.tgz",
      "integrity": "sha1-NNq/8qvl6F9wAlx4mludw+pMR2I=",
      "requires": {
        "jquery": "2 - 3",
        "moment": "^2.9.0"
      }
    },
    "fuse.js": {
      "version": "3.2.1",
      "resolved": "https://registry.npmjs.org/fuse.js/-/fuse.js-3.2.1.tgz",
      "integrity": "sha1-YyDLlM5W7JdVyJred1vNuwNY1CU="
    },
    "good-listener": {
      "version": "1.2.2",
      "resolved": "https://registry.npmjs.org/good-listener/-/good-listener-1.2.2.tgz",
      "integrity": "sha1-1TswzfkxPf+33JoNR3CWqm0UXFA=",
      "optional": true,
      "requires": {
        "delegate": "^3.1.2"
      }
    },
    "grapesjs": {
      "version": "0.15.9",
      "resolved": "https://registry.npmjs.org/grapesjs/-/grapesjs-0.15.9.tgz",
      "integrity": "sha512-0JZC4wrGX0x/cisYnpSva84YWCt5jzuCgFKRqRFMQb+02A3Y+IAt6zgI5c12B+edDq9ZmKEN6EROrOND1MfvYg==",
      "requires": {
        "@babel/runtime": "^7.7.1",
        "backbone": "1.3.3",
        "backbone-undo": "^0.2.5",
        "cash-dom": "^1.3.7",
        "codemirror": "^5.49.2",
        "codemirror-formatting": "^1.0.0",
        "keymaster": "^1.6.2",
        "promise-polyfill": "^8.1.3",
        "spectrum-colorpicker": "^1.8.0",
        "underscore": "^1.9.1"
      },
      "dependencies": {
        "backbone": {
          "version": "1.3.3",
          "resolved": "https://registry.npmjs.org/backbone/-/backbone-1.3.3.tgz",
          "integrity": "sha1-TMgOp8sWMaxHSInOQPL4vGg7KZk=",
          "requires": {
            "underscore": ">=1.8.3"
          }
        }
      }
    },
    "grapesjs-aviary": {
      "version": "0.1.2",
      "resolved": "https://registry.npmjs.org/grapesjs-aviary/-/grapesjs-aviary-0.1.2.tgz",
      "integrity": "sha512-F7sYQWj5s9eyUqoOX6q1z2J06AqgXhQqdjQhM8b5BptxlbDsvDTCbqSRmLGkEQKaIF1ca5o9FFi9eKBeUAfLEw=="
    },
    "grapesjs-blocks-basic": {
      "version": "0.1.8",
      "resolved": "https://registry.npmjs.org/grapesjs-blocks-basic/-/grapesjs-blocks-basic-0.1.8.tgz",
      "integrity": "sha512-Iy5M4qGkEE2llb5ZFxitDolRJ3CrQkcK1SQIjRRlkWIAC99On3T/09iFR7NkpTBfsgfdNwcwnSVOMOhSnVLDtw=="
    },
    "grapesjs-component-countdown": {
      "version": "0.1.3",
      "resolved": "https://registry.npmjs.org/grapesjs-component-countdown/-/grapesjs-component-countdown-0.1.3.tgz",
      "integrity": "sha512-TmxDETedUDv1jGqNLn6E768iyp+xAK/XcTId5WpLrmKPFB6aCuWqfTowhtSvyRJJs83OAFMiQIwIu+tEtSWOeA=="
    },
    "grapesjs-navbar": {
      "version": "0.1.5",
      "resolved": "https://registry.npmjs.org/grapesjs-navbar/-/grapesjs-navbar-0.1.5.tgz",
      "integrity": "sha512-tVKPtzlTUNCpzk3lHW69II2NsSzLNQd3K32CXssWCP3M1V8fvc9jG/MQECBkd/gMS+DjldD4/4b00ri9F3tKSg=="
    },
    "grapesjs-plugin-export": {
      "version": "0.1.5",
      "resolved": "https://registry.npmjs.org/grapesjs-plugin-export/-/grapesjs-plugin-export-0.1.5.tgz",
      "integrity": "sha512-BgvPY68vIDxVv0Z3v1TTikHseMxbfvUvhk5qUHq3a9kFmc2sFfNA6f5NHP9A4v3Tnd4kuwOd2aIn+QNutZrLRg==",
      "requires": {
        "file-saver": "^1.3.2",
        "jszip": "^3.0.0"
      }
    },
    "grapesjs-plugin-filestack": {
      "version": "0.1.1",
      "resolved": "https://registry.npmjs.org/grapesjs-plugin-filestack/-/grapesjs-plugin-filestack-0.1.1.tgz",
      "integrity": "sha512-zRwgHUZd7qDVk92dtizOHxnPiCjBBmsA2BHm0J86tz8uiXf6ou0OoQiB4x4UDewb9ipTkBI6X5nGh/0YET6WLw=="
    },
    "grapesjs-plugin-forms": {
      "version": "0.3.6",
      "resolved": "https://registry.npmjs.org/grapesjs-plugin-forms/-/grapesjs-plugin-forms-0.3.6.tgz",
      "integrity": "sha512-JGIxky3if7FLlXBDuX2T2UoWQnvm55PcNp5P2qoX64zlA0+2npz9zbPcj9g1PUHXVPlTXwTr2qu5x3U/pb+xdw=="
    },
    "grapesjs-preset-webpage": {
      "version": "0.1.11",
      "resolved": "https://registry.npmjs.org/grapesjs-preset-webpage/-/grapesjs-preset-webpage-0.1.11.tgz",
      "integrity": "sha512-36SuSPwu3a09R6YR31Sklmowz/LvzxzGM74WcPd8KPwbs1mAQ4fFuqWKkX/wv8+GhY58Se9EO42yQVMwsZzELA==",
      "requires": {
        "grapesjs-aviary": "^0.1.2",
        "grapesjs-blocks-basic": "^0.1.7",
        "grapesjs-component-countdown": "^0.1.2",
        "grapesjs-navbar": "^0.1.5",
        "grapesjs-plugin-export": "^0.1.5",
        "grapesjs-plugin-filestack": "^0.1.1",
        "grapesjs-plugin-forms": "^0.3.5"
      }
    },
    "immediate": {
      "version": "3.0.6",
      "resolved": "https://registry.npmjs.org/immediate/-/immediate-3.0.6.tgz",
      "integrity": "sha1-nbHb0Pr43m++D13V5Wu2BigN5ps="
    },
    "inherits": {
      "version": "2.0.4",
      "resolved": "https://registry.npmjs.org/inherits/-/inherits-2.0.4.tgz",
      "integrity": "sha512-k/vGaX4/Yla3WzyMCvTQOXYeIHvqOKtnqBduzTHpzpQZzAskKMhZ2K+EnBiSM9zGSoIFeMpXKxa4dYeZIQqewQ=="
    },
    "isarray": {
      "version": "1.0.0",
      "resolved": "https://registry.npmjs.org/isarray/-/isarray-1.0.0.tgz",
      "integrity": "sha1-u5NdSFgsuhaMBoNJV6VKPgcSTxE="
    },
    "jquery": {
      "version": "3.4.1",
      "resolved": "https://registry.npmjs.org/jquery/-/jquery-3.4.1.tgz",
      "integrity": "sha512-36+AdBzCL+y6qjw5Tx7HgzeGCzC81MDDgaUP8ld2zhx58HdqXGoBd+tHdrBMiyjGQs0Hxs/MLZTu/eHNJJuWPw=="
    },
    "jquery-form": {
      "version": "4.2.1",
      "resolved": "https://registry.npmjs.org/jquery-form/-/jquery-form-4.2.1.tgz",
      "integrity": "sha1-hn00Fct3uOciOqpwHw5IHdFq1cI=",
      "requires": {
        "jquery": ">=1.7"
      }
    },
    "jquery-mousewheel": {
      "version": "3.1.13",
      "resolved": "https://registry.npmjs.org/jquery-mousewheel/-/jquery-mousewheel-3.1.13.tgz",
      "integrity": "sha1-BvAzXxbjU6aV5yBr9QUDy1I6buU="
    },
    "jquery-numeric": {
      "version": "1.5.0",
      "resolved": "https://registry.npmjs.org/jquery-numeric/-/jquery-numeric-1.5.0.tgz",
      "integrity": "sha1-qN33o5U2Yu80Pw7vsc6PzvNcZ0Q="
    },
    "jquery-ui": {
      "version": "1.12.1",
      "resolved": "https://registry.npmjs.org/jquery-ui/-/jquery-ui-1.12.1.tgz",
      "integrity": "sha1-vLQEXI3QU5wTS8FIjN0+dop6nlE="
    },
    "jquery-ui-multiselect-widget": {
      "version": "2.0.1",
      "resolved": "https://registry.npmjs.org/jquery-ui-multiselect-widget/-/jquery-ui-multiselect-widget-2.0.1.tgz",
      "integrity": "sha1-tynYn5OsuiemZQU7wjXiSwh8Pao="
    },
    "jquery-validation": {
      "version": "1.16.0",
      "resolved": "https://registry.npmjs.org/jquery-validation/-/jquery-validation-1.16.0.tgz",
      "integrity": "sha1-tuUnfrvWfB+rqyE+tEVO6oowlco=",
      "requires": {
        "jquery": "^1.7 || ^2.0 || ^3.1"
      }
    },
    "jquery.cookie": {
      "version": "1.4.1",
      "resolved": "https://registry.npmjs.org/jquery.cookie/-/jquery.cookie-1.4.1.tgz",
      "integrity": "sha1-1j3OIJ6raR/mMxbbCMqeR+D5OFs="
    },
    "jquery.uniform": {
      "version": "4.3.0",
      "resolved": "https://registry.npmjs.org/jquery.uniform/-/jquery.uniform-4.3.0.tgz",
      "integrity": "sha512-uQg1+IN/dZrLjLuyk3fGnCFx+irPhKCd8FmIZEwXbAEprxh6wn2TY45R3MafOFffD20czygRg2xCBw0I06w+mQ==",
      "requires": {
        "jquery": "^3.3.1"
      },
      "dependencies": {
        "jquery": {
          "version": "3.3.1",
          "bundled": true
        }
      }
    },
    "jstree": {
      "version": "3.3.8",
      "resolved": "https://registry.npmjs.org/jstree/-/jstree-3.3.8.tgz",
      "integrity": "sha512-0/nhGxVLSGfGQyVg+q59ocqSEKWRDKHoA8wNrcOIvlzCCw19tzvcMNGJ19hf+U0b7fycABowkny7fQPcLgUwwA==",
      "requires": {
        "jquery": ">=1.9.1"
      }
    },
    "jszip": {
      "version": "3.2.2",
      "resolved": "https://registry.npmjs.org/jszip/-/jszip-3.2.2.tgz",
      "integrity": "sha512-NmKajvAFQpbg3taXQXr/ccS2wcucR1AZ+NtyWp2Nq7HHVsXhcJFR8p0Baf32C2yVvBylFWVeKf+WI2AnvlPhpA==",
      "requires": {
        "lie": "~3.3.0",
        "pako": "~1.0.2",
        "readable-stream": "~2.3.6",
        "set-immediate-shim": "~1.0.1"
      }
    },
    "keymaster": {
      "version": "1.6.2",
      "resolved": "https://registry.npmjs.org/keymaster/-/keymaster-1.6.2.tgz",
      "integrity": "sha1-4a5U0OqUiPn2C2a2aPAumhlGxus="
    },
    "lie": {
      "version": "3.3.0",
      "resolved": "https://registry.npmjs.org/lie/-/lie-3.3.0.tgz",
      "integrity": "sha512-UaiMJzeWRlEujzAuw5LokY1L5ecNQYZKfmyZ9L7wDHb/p5etKaxXhohBcrw0EYby+G/NA52vRSN4N39dxHAIwQ==",
      "requires": {
        "immediate": "~3.0.5"
      }
    },
    "lightgallery": {
      "version": "1.4.0",
      "resolved": "https://registry.npmjs.org/lightgallery/-/lightgallery-1.4.0.tgz",
      "integrity": "sha1-pQlOOx7mOwQ8SSOJaBXV7Fw8g18=",
      "requires": {
        "jquery": ">=1.7.0"
      }
    },
    "moment": {
      "version": "2.24.0",
      "resolved": "https://registry.npmjs.org/moment/-/moment-2.24.0.tgz",
      "integrity": "sha512-bV7f+6l2QigeBBZSM/6yTNq4P2fNpSWj/0e7jQcy87A8e7o2nAfP/34/2ky5Vw4B9S446EtIhodAzkFCcR4dQg=="
    },
    "moment-timezone": {
      "version": "0.5.27",
      "resolved": "https://registry.npmjs.org/moment-timezone/-/moment-timezone-0.5.27.tgz",
      "integrity": "sha512-EIKQs7h5sAsjhPCqN6ggx6cEbs94GK050254TIJySD1bzoM5JTYDwAU1IoVOeTOL6Gm27kYJ51/uuvq1kIlrbw==",
      "requires": {
        "moment": ">= 2.9.0"
      }
    },
    "numeral": {
      "version": "2.0.6",
      "resolved": "https://registry.npmjs.org/numeral/-/numeral-2.0.6.tgz",
      "integrity": "sha1-StCAk21EPCVhrtnyGX7//iX05QY="
    },
    "overlayscrollbars": {
      "version": "1.6.3",
      "resolved": "https://registry.npmjs.org/overlayscrollbars/-/overlayscrollbars-1.6.3.tgz",
      "integrity": "sha512-IFE8tBMUC+zbxEz+aQIRxzVDqh7kVO6PYiLxQbHDrEsxcfEIQa/T/ThSBh1SKATTFB15A3h4Ea8L8rM7kWHpAA=="
    },
    "pako": {
      "version": "1.0.10",
      "resolved": "https://registry.npmjs.org/pako/-/pako-1.0.10.tgz",
      "integrity": "sha512-0DTvPVU3ed8+HNXOu5Bs+o//Mbdj9VNQMUOe9oKCwh8l0GNwpTDMKCWbRjgtD291AWnkAgkqA/LOnQS8AmS1tw=="
    },
    "popper.js": {
      "version": "1.14.7",
      "resolved": "https://registry.npmjs.org/popper.js/-/popper.js-1.14.7.tgz",
      "integrity": "sha512-4q1hNvoUre/8srWsH7hnoSJ5xVmIL4qgz+s4qf2TnJIMyZFUFMGH+9vE7mXynAlHSZ/NdTmmow86muD0myUkVQ=="
    },
    "prismjs": {
      "version": "1.6.0",
      "resolved": "https://registry.npmjs.org/prismjs/-/prismjs-1.6.0.tgz",
      "integrity": "sha1-EY2V+3pm26InLjQ7NF9SNmWds2U=",
      "requires": {
        "clipboard": "^1.5.5"
      }
    },
    "process-nextick-args": {
      "version": "2.0.1",
      "resolved": "https://registry.npmjs.org/process-nextick-args/-/process-nextick-args-2.0.1.tgz",
      "integrity": "sha512-3ouUOpQhtgrbOa17J7+uxOTpITYWaGP7/AhoR3+A+/1e9skrzelGi/dXzEYyvbxubEF6Wn2ypscTKiKJFFn1ag=="
    },
    "promise-polyfill": {
      "version": "8.1.3",
      "resolved": "https://registry.npmjs.org/promise-polyfill/-/promise-polyfill-8.1.3.tgz",
      "integrity": "sha512-MG5r82wBzh7pSKDRa9y+vllNHz3e3d4CNj1PQE4BQYxLme0gKYYBm9YENq+UkEikyZ0XbiGWxYlVw3Rl9O/U8g=="
    },
    "readable-stream": {
      "version": "2.3.7",
      "resolved": "https://registry.npmjs.org/readable-stream/-/readable-stream-2.3.7.tgz",
      "integrity": "sha512-Ebho8K4jIbHAxnuxi7o42OrZgF/ZTNcsZj6nRKyUmkhLFq8CHItp/fy6hQZuZmP/n3yZ9VBUbp4zz/mX8hmYPw==",
      "requires": {
        "core-util-is": "~1.0.0",
        "inherits": "~2.0.3",
        "isarray": "~1.0.0",
        "process-nextick-args": "~2.0.0",
        "safe-buffer": "~5.1.1",
        "string_decoder": "~1.1.1",
        "util-deprecate": "~1.0.1"
      }
    },
    "regenerator-runtime": {
      "version": "0.13.3",
      "resolved": "https://registry.npmjs.org/regenerator-runtime/-/regenerator-runtime-0.13.3.tgz",
      "integrity": "sha512-naKIZz2GQ8JWh///G7L3X6LaQUAMp2lvb1rvwwsURe/VXwD6VMfr+/1NuNw3ag8v2kY1aQ/go5SNn79O9JU7yw=="
    },
    "safe-buffer": {
      "version": "5.1.2",
      "resolved": "https://registry.npmjs.org/safe-buffer/-/safe-buffer-5.1.2.tgz",
      "integrity": "sha512-Gd2UZBJDkXlY7GbJxfsE8/nvKkUEU1G38c1siN6QP6a9PT9MmHB8GnpscSmMJSoF8LOIrt8ud/wPtojys4G6+g=="
    },
    "scriptjs": {
      "version": "2.5.9",
      "resolved": "https://registry.npmjs.org/scriptjs/-/scriptjs-2.5.9.tgz",
      "integrity": "sha512-qGVDoreyYiP1pkQnbnFAUIS5AjenNwwQBdl7zeos9etl+hYKWahjRTfzAZZYBv5xNHx7vNKCmaLDQZ6Fr2AEXg=="
    },
    "select": {
      "version": "1.1.2",
      "resolved": "https://registry.npmjs.org/select/-/select-1.1.2.tgz",
      "integrity": "sha1-DnNQrN7ICxEIUoeG7B1EGNEbOW0=",
      "optional": true
    },
    "set-immediate-shim": {
      "version": "1.0.1",
      "resolved": "https://registry.npmjs.org/set-immediate-shim/-/set-immediate-shim-1.0.1.tgz",
      "integrity": "sha1-SysbJ+uAip+NzEgaWOXlb1mfP2E="
    },
    "slick-carousel": {
      "version": "1.6.0",
      "resolved": "https://registry.npmjs.org/slick-carousel/-/slick-carousel-1.6.0.tgz",
      "integrity": "sha1-eA83jkcPTm9r7BqiuuBHX0+esIU=",
      "requires": {
        "jquery": ">=1.7.2"
      }
    },
    "spectrum-colorpicker": {
      "version": "1.8.0",
      "resolved": "https://registry.npmjs.org/spectrum-colorpicker/-/spectrum-colorpicker-1.8.0.tgz",
      "integrity": "sha1-uSbPUALAp3hgtfg1HhwJPGUgAQc="
    },
    "string_decoder": {
      "version": "1.1.1",
      "resolved": "https://registry.npmjs.org/string_decoder/-/string_decoder-1.1.1.tgz",
      "integrity": "sha512-n/ShnvDi6FHbbVfviro+WojiFzv+s8MPMHBczVePfUpDJLwoLT0ht1l4YwBCbi8pJAveEEdnkHyPyTP/mzRfwg==",
      "requires": {
        "safe-buffer": "~5.1.0"
      }
    },
    "timepicker": {
      "version": "1.11.15",
      "resolved": "https://registry.npmjs.org/timepicker/-/timepicker-1.11.15.tgz",
      "integrity": "sha512-itCpFBnpCqsiAAuSsdRFjF7tb8Tpqm7btYN1P0Rea9yqcLI1M60F/OGDHegjxT+ZD5mt5Pv7pZqrPySf6gcpBg==",
      "requires": {
        "jquery": ">=1.7"
      }
    },
    "tiny-emitter": {
      "version": "2.1.0",
      "resolved": "https://registry.npmjs.org/tiny-emitter/-/tiny-emitter-2.1.0.tgz",
      "integrity": "sha512-NB6Dk1A9xgQPMoGqC5CVXn123gWyte215ONT5Pp5a0yt4nlEoO1ZWeCwpncaekPHXO60i47ihFnZPiRPjRMq4Q==",
      "optional": true
    },
    "underscore": {
      "version": "1.9.2",
      "resolved": "https://registry.npmjs.org/underscore/-/underscore-1.9.2.tgz",
      "integrity": "sha512-D39qtimx0c1fI3ya1Lnhk3E9nONswSKhnffBI0gME9C99fYOkNi04xs8K6pePLhvl1frbDemkaBQ5ikWllR2HQ=="
    },
    "util-deprecate": {
      "version": "1.0.2",
      "resolved": "https://registry.npmjs.org/util-deprecate/-/util-deprecate-1.0.2.tgz",
      "integrity": "sha1-RQ1Nyfpw3nMnYvvS1KKJgUGaDM8="
    },
    "when": {
      "version": "2.4.0",
      "resolved": "https://registry.npmjs.org/when/-/when-2.4.0.tgz",
      "integrity": "sha1-S3YhcKTe5nE1vWKsPSLMT8ZM+DE="
    },
    "xregexp": {
      "version": "3.2.0",
      "resolved": "https://registry.npmjs.org/xregexp/-/xregexp-3.2.0.tgz",
      "integrity": "sha1-yzYBmHv+JpW1hAAMGPHEqMMih44="
    }
  }
}
